// !$*UTF8*$!
{
	archiveVersion = 1;
	classes = {
	};
	objectVersion = 50;
	objects = {

/* Begin PBXBuildFile section */
		26CD764221DAB76100511D22 /* AppDelegate.swift in Sources */ = {isa = PBXBuildFile; fileRef = 26CD764121DAB76100511D22 /* AppDelegate.swift */; };
		26CD764721DAB76100511D22 /* Main.storyboard in Resources */ = {isa = PBXBuildFile; fileRef = 26CD764521DAB76100511D22 /* Main.storyboard */; };
		26CD764921DAB76300511D22 /* Assets.xcassets in Resources */ = {isa = PBXBuildFile; fileRef = 26CD764821DAB76300511D22 /* Assets.xcassets */; };
		26CD764C21DAB76300511D22 /* LaunchScreen.storyboard in Resources */ = {isa = PBXBuildFile; fileRef = 26CD764A21DAB76300511D22 /* LaunchScreen.storyboard */; };
		26CD765621DAB77600511D22 /* CloudKit.framework in Frameworks */ = {isa = PBXBuildFile; fileRef = 26CD765521DAB77600511D22 /* CloudKit.framework */; };
		26CD765921DAB86100511D22 /* Entry.swift in Sources */ = {isa = PBXBuildFile; fileRef = 26CD765821DAB86100511D22 /* Entry.swift */; };
		26CD765C21DABEFD00511D22 /* EntryController.swift in Sources */ = {isa = PBXBuildFile; fileRef = 26CD765B21DABEFD00511D22 /* EntryController.swift */; };
		26CD765F21DAD3C000511D22 /* EntryListTableViewController.swift in Sources */ = {isa = PBXBuildFile; fileRef = 26CD765E21DAD3C000511D22 /* EntryListTableViewController.swift */; };
		26CD766221DAD66000511D22 /* EntryDetailViewController.swift in Sources */ = {isa = PBXBuildFile; fileRef = 26CD766121DAD66000511D22 /* EntryDetailViewController.swift */; };
/* End PBXBuildFile section */

/* Begin PBXFileReference section */
		26CD763E21DAB76100511D22 /* JournalCK.app */ = {isa = PBXFileReference; explicitFileType = wrapper.application; includeInIndex = 0; path = JournalCK.app; sourceTree = BUILT_PRODUCTS_DIR; };
		26CD764121DAB76100511D22 /* AppDelegate.swift */ = {isa = PBXFileReference; lastKnownFileType = sourcecode.swift; path = AppDelegate.swift; sourceTree = "<group>"; };
		26CD764621DAB76100511D22 /* Base */ = {isa = PBXFileReference; lastKnownFileType = file.storyboard; name = Base; path = Base.lproj/Main.storyboard; sourceTree = "<group>"; };
		26CD764821DAB76300511D22 /* Assets.xcassets */ = {isa = PBXFileReference; lastKnownFileType = folder.assetcatalog; path = Assets.xcassets; sourceTree = "<group>"; };
		26CD764B21DAB76300511D22 /* Base */ = {isa = PBXFileReference; lastKnownFileType = file.storyboard; name = Base; path = Base.lproj/LaunchScreen.storyboard; sourceTree = "<group>"; };
		26CD764D21DAB76300511D22 /* Info.plist */ = {isa = PBXFileReference; lastKnownFileType = text.plist.xml; path = Info.plist; sourceTree = "<group>"; };
		26CD765321DAB77300511D22 /* JournalCK.entitlements */ = {isa = PBXFileReference; lastKnownFileType = text.plist.entitlements; path = JournalCK.entitlements; sourceTree = "<group>"; };
		26CD765521DAB77600511D22 /* CloudKit.framework */ = {isa = PBXFileReference; lastKnownFileType = wrapper.framework; name = CloudKit.framework; path = System/Library/Frameworks/CloudKit.framework; sourceTree = SDKROOT; };
		26CD765821DAB86100511D22 /* Entry.swift */ = {isa = PBXFileReference; lastKnownFileType = sourcecode.swift; path = Entry.swift; sourceTree = "<group>"; };
		26CD765B21DABEFD00511D22 /* EntryController.swift */ = {isa = PBXFileReference; lastKnownFileType = sourcecode.swift; path = EntryController.swift; sourceTree = "<group>"; };
		26CD765E21DAD3C000511D22 /* EntryListTableViewController.swift */ = {isa = PBXFileReference; lastKnownFileType = sourcecode.swift; path = EntryListTableViewController.swift; sourceTree = "<group>"; };
		26CD766121DAD66000511D22 /* EntryDetailViewController.swift */ = {isa = PBXFileReference; lastKnownFileType = sourcecode.swift; path = EntryDetailViewController.swift; sourceTree = "<group>"; };
/* End PBXFileReference section */

/* Begin PBXFrameworksBuildPhase section */
		26CD763B21DAB76100511D22 /* Frameworks */ = {
			isa = PBXFrameworksBuildPhase;
			buildActionMask = 2147483647;
			files = (
				26CD765621DAB77600511D22 /* CloudKit.framework in Frameworks */,
			);
			runOnlyForDeploymentPostprocessing = 0;
		};
/* End PBXFrameworksBuildPhase section */

/* Begin PBXGroup section */
		26CD763521DAB76100511D22 = {
			isa = PBXGroup;
			children = (
				26CD764021DAB76100511D22 /* JournalCK */,
				26CD763F21DAB76100511D22 /* Products */,
				26CD765421DAB77600511D22 /* Frameworks */,
			);
			sourceTree = "<group>";
		};
		26CD763F21DAB76100511D22 /* Products */ = {
			isa = PBXGroup;
			children = (
				26CD763E21DAB76100511D22 /* JournalCK.app */,
			);
			name = Products;
			sourceTree = "<group>";
		};
		26CD764021DAB76100511D22 /* JournalCK */ = {
			isa = PBXGroup;
			children = (
				26CD765321DAB77300511D22 /* JournalCK.entitlements */,
				26CD765721DAB83700511D22 /* Resources */,
				26CD765A21DABEE700511D22 /* Model */,
				26CD765D21DABF0100511D22 /* ModelController */,
				26CD766021DAD3C600511D22 /* ViewController */,
			);
			path = JournalCK;
			sourceTree = "<group>";
		};
		26CD765421DAB77600511D22 /* Frameworks */ = {
			isa = PBXGroup;
			children = (
				26CD765521DAB77600511D22 /* CloudKit.framework */,
			);
			name = Frameworks;
			sourceTree = "<group>";
		};
		26CD765721DAB83700511D22 /* Resources */ = {
			isa = PBXGroup;
			children = (
				26CD764121DAB76100511D22 /* AppDelegate.swift */,
				26CD764521DAB76100511D22 /* Main.storyboard */,
				26CD764821DAB76300511D22 /* Assets.xcassets */,
				26CD764A21DAB76300511D22 /* LaunchScreen.storyboard */,
				26CD764D21DAB76300511D22 /* Info.plist */,
			);
			path = Resources;
			sourceTree = "<group>";
		};
		26CD765A21DABEE700511D22 /* Model */ = {
			isa = PBXGroup;
			children = (
				26CD765821DAB86100511D22 /* Entry.swift */,
			);
			path = Model;
			sourceTree = "<group>";
		};
		26CD765D21DABF0100511D22 /* ModelController */ = {
			isa = PBXGroup;
			children = (
				26CD765B21DABEFD00511D22 /* EntryController.swift */,
			);
			path = ModelController;
			sourceTree = "<group>";
		};
		26CD766021DAD3C600511D22 /* ViewController */ = {
			isa = PBXGroup;
			children = (
				26CD765E21DAD3C000511D22 /* EntryListTableViewController.swift */,
				26CD766121DAD66000511D22 /* EntryDetailViewController.swift */,
			);
			path = ViewController;
			sourceTree = "<group>";
		};
/* End PBXGroup section */

/* Begin PBXNativeTarget section */
		26CD763D21DAB76100511D22 /* JournalCK */ = {
			isa = PBXNativeTarget;
			buildConfigurationList = 26CD765021DAB76300511D22 /* Build configuration list for PBXNativeTarget "JournalCK" */;
			buildPhases = (
				26CD763A21DAB76100511D22 /* Sources */,
				26CD763B21DAB76100511D22 /* Frameworks */,
				26CD763C21DAB76100511D22 /* Resources */,
			);
			buildRules = (
			);
			dependencies = (
			);
			name = JournalCK;
			productName = JournalCK;
			productReference = 26CD763E21DAB76100511D22 /* JournalCK.app */;
			productType = "com.apple.product-type.application";
		};
/* End PBXNativeTarget section */

/* Begin PBXProject section */
		26CD763621DAB76100511D22 /* Project object */ = {
			isa = PBXProject;
			attributes = {
				LastSwiftUpdateCheck = 1010;
				LastUpgradeCheck = 1010;
				ORGANIZATIONNAME = Brady;
				TargetAttributes = {
					26CD763D21DAB76100511D22 = {
						CreatedOnToolsVersion = 10.1;
						SystemCapabilities = {
							com.apple.Push = {
								enabled = 1;
							};
							com.apple.iCloud = {
								enabled = 1;
							};
						};
					};
				};
			};
			buildConfigurationList = 26CD763921DAB76100511D22 /* Build configuration list for PBXProject "JournalCK" */;
			compatibilityVersion = "Xcode 9.3";
			developmentRegion = en;
			hasScannedForEncodings = 0;
			knownRegions = (
				en,
				Base,
			);
			mainGroup = 26CD763521DAB76100511D22;
			productRefGroup = 26CD763F21DAB76100511D22 /* Products */;
			projectDirPath = "";
			projectRoot = "";
			targets = (
				26CD763D21DAB76100511D22 /* JournalCK */,
			);
		};
/* End PBXProject section */

/* Begin PBXResourcesBuildPhase section */
		26CD763C21DAB76100511D22 /* Resources */ = {
			isa = PBXResourcesBuildPhase;
			buildActionMask = 2147483647;
			files = (
				26CD764C21DAB76300511D22 /* LaunchScreen.storyboard in Resources */,
				26CD764921DAB76300511D22 /* Assets.xcassets in Resources */,
				26CD764721DAB76100511D22 /* Main.storyboard in Resources */,
			);
			runOnlyForDeploymentPostprocessing = 0;
		};
/* End PBXResourcesBuildPhase section */

/* Begin PBXSourcesBuildPhase section */
		26CD763A21DAB76100511D22 /* Sources */ = {
			isa = PBXSourcesBuildPhase;
			buildActionMask = 2147483647;
			files = (
				26CD765C21DABEFD00511D22 /* EntryController.swift in Sources */,
				26CD765921DAB86100511D22 /* Entry.swift in Sources */,
				26CD765F21DAD3C000511D22 /* EntryListTableViewController.swift in Sources */,
				26CD766221DAD66000511D22 /* EntryDetailViewController.swift in Sources */,
				26CD764221DAB76100511D22 /* AppDelegate.swift in Sources */,
			);
			runOnlyForDeploymentPostprocessing = 0;
		};
/* End PBXSourcesBuildPhase section */

/* Begin PBXVariantGroup section */
		26CD764521DAB76100511D22 /* Main.storyboard */ = {
			isa = PBXVariantGroup;
			children = (
				26CD764621DAB76100511D22 /* Base */,
			);
			name = Main.storyboard;
			sourceTree = "<group>";
		};
		26CD764A21DAB76300511D22 /* LaunchScreen.storyboard */ = {
			isa = PBXVariantGroup;
			children = (
				26CD764B21DAB76300511D22 /* Base */,
			);
			name = LaunchScreen.storyboard;
			sourceTree = "<group>";
		};
/* End PBXVariantGroup section */

/* Begin XCBuildConfiguration section */
		26CD764E21DAB76300511D22 /* Debug */ = {
			isa = XCBuildConfiguration;
			buildSettings = {
				ALWAYS_SEARCH_USER_PATHS = NO;
				CLANG_ANALYZER_NONNULL = YES;
				CLANG_ANALYZER_NUMBER_OBJECT_CONVERSION = YES_AGGRESSIVE;
				CLANG_CXX_LANGUAGE_STANDARD = "gnu++14";
				CLANG_CXX_LIBRARY = "libc++";
				CLANG_ENABLE_MODULES = YES;
				CLANG_ENABLE_OBJC_ARC = YES;
				CLANG_ENABLE_OBJC_WEAK = YES;
				CLANG_WARN_BLOCK_CAPTURE_AUTORELEASING = YES;
				CLANG_WARN_BOOL_CONVERSION = YES;
				CLANG_WARN_COMMA = YES;
				CLANG_WARN_CONSTANT_CONVERSION = YES;
				CLANG_WARN_DEPRECATED_OBJC_IMPLEMENTATIONS = YES;
				CLANG_WARN_DIRECT_OBJC_ISA_USAGE = YES_ERROR;
				CLANG_WARN_DOCUMENTATION_COMMENTS = YES;
				CLANG_WARN_EMPTY_BODY = YES;
				CLANG_WARN_ENUM_CONVERSION = YES;
				CLANG_WARN_INFINITE_RECURSION = YES;
				CLANG_WARN_INT_CONVERSION = YES;
				CLANG_WARN_NON_LITERAL_NULL_CONVERSION = YES;
				CLANG_WARN_OBJC_IMPLICIT_RETAIN_SELF = YES;
				CLANG_WARN_OBJC_LITERAL_CONVERSION = YES;
				CLANG_WARN_OBJC_ROOT_CLASS = YES_ERROR;
				CLANG_WARN_RANGE_LOOP_ANALYSIS = YES;
				CLANG_WARN_STRICT_PROTOTYPES = YES;
				CLANG_WARN_SUSPICIOUS_MOVE = YES;
				CLANG_WARN_UNGUARDED_AVAILABILITY = YES_AGGRESSIVE;
				CLANG_WARN_UNREACHABLE_CODE = YES;
				CLANG_WARN__DUPLICATE_METHOD_MATCH = YES;
				CODE_SIGN_IDENTITY = "iPhone Developer";
				COPY_PHASE_STRIP = NO;
				DEBUG_INFORMATION_FORMAT = dwarf;
				ENABLE_STRICT_OBJC_MSGSEND = YES;
				ENABLE_TESTABILITY = YES;
				GCC_C_LANGUAGE_STANDARD = gnu11;
				GCC_DYNAMIC_NO_PIC = NO;
				GCC_NO_COMMON_BLOCKS = YES;
				GCC_OPTIMIZATION_LEVEL = 0;
				GCC_PREPROCESSOR_DEFINITIONS = (
					"DEBUG=1",
					"$(inherited)",
				);
				GCC_WARN_64_TO_32_BIT_CONVERSION = YES;
				GCC_WARN_ABOUT_RETURN_TYPE = YES_ERROR;
				GCC_WARN_UNDECLARED_SELECTOR = YES;
				GCC_WARN_UNINITIALIZED_AUTOS = YES_AGGRESSIVE;
				GCC_WARN_UNUSED_FUNCTION = YES;
				GCC_WARN_UNUSED_VARIABLE = YES;
				IPHONEOS_DEPLOYMENT_TARGET = 12.1;
				MTL_ENABLE_DEBUG_INFO = INCLUDE_SOURCE;
				MTL_FAST_MATH = YES;
				ONLY_ACTIVE_ARCH = YES;
				SDKROOT = iphoneos;
				SWIFT_ACTIVE_COMPILATION_CONDITIONS = DEBUG;
				SWIFT_OPTIMIZATION_LEVEL = "-Onone";
			};
			name = Debug;
		};
		26CD764F21DAB76300511D22 /* Release */ = {
			isa = XCBuildConfiguration;
			buildSettings = {
				ALWAYS_SEARCH_USER_PATHS = NO;
				CLANG_ANALYZER_NONNULL = YES;
				CLANG_ANALYZER_NUMBER_OBJECT_CONVERSION = YES_AGGRESSIVE;
				CLANG_CXX_LANGUAGE_STANDARD = "gnu++14";
				CLANG_CXX_LIBRARY = "libc++";
				CLANG_ENABLE_MODULES = YES;
				CLANG_ENABLE_OBJC_ARC = YES;
				CLANG_ENABLE_OBJC_WEAK = YES;
				CLANG_WARN_BLOCK_CAPTURE_AUTORELEASING = YES;
				CLANG_WARN_BOOL_CONVERSION = YES;
				CLANG_WARN_COMMA = YES;
				CLANG_WARN_CONSTANT_CONVERSION = YES;
				CLANG_WARN_DEPRECATED_OBJC_IMPLEMENTATIONS = YES;
				CLANG_WARN_DIRECT_OBJC_ISA_USAGE = YES_ERROR;
				CLANG_WARN_DOCUMENTATION_COMMENTS = YES;
				CLANG_WARN_EMPTY_BODY = YES;
				CLANG_WARN_ENUM_CONVERSION = YES;
				CLANG_WARN_INFINITE_RECURSION = YES;
				CLANG_WARN_INT_CONVERSION = YES;
				CLANG_WARN_NON_LITERAL_NULL_CONVERSION = YES;
				CLANG_WARN_OBJC_IMPLICIT_RETAIN_SELF = YES;
				CLANG_WARN_OBJC_LITERAL_CONVERSION = YES;
				CLANG_WARN_OBJC_ROOT_CLASS = YES_ERROR;
				CLANG_WARN_RANGE_LOOP_ANALYSIS = YES;
				CLANG_WARN_STRICT_PROTOTYPES = YES;
				CLANG_WARN_SUSPICIOUS_MOVE = YES;
				CLANG_WARN_UNGUARDED_AVAILABILITY = YES_AGGRESSIVE;
				CLANG_WARN_UNREACHABLE_CODE = YES;
				CLANG_WARN__DUPLICATE_METHOD_MATCH = YES;
				CODE_SIGN_IDENTITY = "iPhone Developer";
				COPY_PHASE_STRIP = NO;
				DEBUG_INFORMATION_FORMAT = "dwarf-with-dsym";
				ENABLE_NS_ASSERTIONS = NO;
				ENABLE_STRICT_OBJC_MSGSEND = YES;
				GCC_C_LANGUAGE_STANDARD = gnu11;
				GCC_NO_COMMON_BLOCKS = YES;
				GCC_WARN_64_TO_32_BIT_CONVERSION = YES;
				GCC_WARN_ABOUT_RETURN_TYPE = YES_ERROR;
				GCC_WARN_UNDECLARED_SELECTOR = YES;
				GCC_WARN_UNINITIALIZED_AUTOS = YES_AGGRESSIVE;
				GCC_WARN_UNUSED_FUNCTION = YES;
				GCC_WARN_UNUSED_VARIABLE = YES;
				IPHONEOS_DEPLOYMENT_TARGET = 12.1;
				MTL_ENABLE_DEBUG_INFO = NO;
				MTL_FAST_MATH = YES;
				SDKROOT = iphoneos;
				SWIFT_COMPILATION_MODE = wholemodule;
				SWIFT_OPTIMIZATION_LEVEL = "-O";
				VALIDATE_PRODUCT = YES;
			};
			name = Release;
		};
		26CD765121DAB76300511D22 /* Debug */ = {
			isa = XCBuildConfiguration;
			buildSettings = {
				ASSETCATALOG_COMPILER_APPICON_NAME = AppIcon;
				CODE_SIGN_ENTITLEMENTS = JournalCK/JournalCK.entitlements;
				CODE_SIGN_STYLE = Automatic;
				DEVELOPMENT_TEAM = D7Q6ZCPJ6Q;
				INFOPLIST_FILE = "$(SRCROOT)/JournalCK/Resources/Info.plist";
				LD_RUNPATH_SEARCH_PATHS = (
					"$(inherited)",
					"@executable_path/Frameworks",
				);
				PRODUCT_BUNDLE_IDENTIFIER = com.bradybentley.JournalCK;
				PRODUCT_NAME = "$(TARGET_NAME)";
				SWIFT_VERSION = 4.2;
				TARGETED_DEVICE_FAMILY = "1,2";
			};
			name = Debug;
		};
		26CD765221DAB76300511D22 /* Release */ = {
			isa = XCBuildConfiguration;
			buildSettings = {
				ASSETCATALOG_COMPILER_APPICON_NAME = AppIcon;
				CODE_SIGN_ENTITLEMENTS = JournalCK/JournalCK.entitlements;
				CODE_SIGN_STYLE = Automatic;
				DEVELOPMENT_TEAM = D7Q6ZCPJ6Q;
				INFOPLIST_FILE = "$(SRCROOT)/JournalCK/Resources/Info.plist";
				LD_RUNPATH_SEARCH_PATHS = (
					"$(inherited)",
					"@executable_path/Frameworks",
				);
				PRODUCT_BUNDLE_IDENTIFIER = com.bradybentley.JournalCK;
				PRODUCT_NAME = "$(TARGET_NAME)";
				SWIFT_VERSION = 4.2;
				TARGETED_DEVICE_FAMILY = "1,2";
			};
			name = Release;
		};
/* End XCBuildConfiguration section */

/* Begin XCConfigurationList section */
		26CD763921DAB76100511D22 /* Build configuration list for PBXProject "JournalCK" */ = {
			isa = XCConfigurationList;
			buildConfigurations = (
				26CD764E21DAB76300511D22 /* Debug */,
				26CD764F21DAB76300511D22 /* Release */,
			);
			defaultConfigurationIsVisible = 0;
			defaultConfigurationName = Release;
		};
		26CD765021DAB76300511D22 /* Build configuration list for PBXNativeTarget "JournalCK" */ = {
			isa = XCConfigurationList;
			buildConfigurations = (
				26CD765121DAB76300511D22 /* Debug */,
				26CD765221DAB76300511D22 /* Release */,
			);
			defaultConfigurationIsVisible = 0;
			defaultConfigurationName = Release;
		};
/* End XCConfigurationList section */
	};
	rootObject = 26CD763621DAB76100511D22 /* Project object */;
}
